
Microsoft Visual Studio Solution File, Format Version 12.00
# Visual Studio Version 17
VisualStudioVersion = 17.0.32014.148
MinimumVisualStudioVersion = 10.0.40219.1
Project("{9A19103F-16F7-4668-BE54-9A1E7A4F7556}") = "TutorialMod", "TutorialMod.csproj", "{F2277693-BA44-435F-ABF6-2FC573466B3F}"
EndProject
Global
	GlobalSection(SolutionConfigurationPlatforms) = preSolution
		Debug|Any CPU = Debug|Any CPU
		Release|Any CPU = Release|Any CPU
	EndGlobalSection
	GlobalSection(ProjectConfigurationPlatforms) = postSolution
		{F2277693-BA44-435F-ABF6-2FC573466B3F}.Debug|Any CPU.ActiveCfg = Debug|Any CPU
		{F2277693-BA44-435F-ABF6-2FC573466B3F}.Debug|Any CPU.Build.0 = Debug|Any CPU
		{F2277693-BA44-435F-ABF6-2FC573466B3F}.Release|Any CPU.ActiveCfg = Release|Any CPU
		{F2277693-BA44-435F-ABF6-2FC573466B3F}.Release|Any CPU.Build.0 = Release|Any CPU
	EndGlobalSection
	GlobalSection(SolutionProperties) = preSolution
		HideSolutionNode = FALSE
	EndGlobalSection
	GlobalSection(ExtensibilityGlobals) = postSolution
		SolutionGuid = {924854CD-CC3A-4289-A5DB-7191FB20A7F9}
	EndGlobalSection
EndGlobal
